// !$*UTF8*$!
{
	archiveVersion = 1;
	classes = {
	};
	objectVersion = 56;
	objects = {

/* Begin PBXBuildFile section */
		110000000000000000000001 /* OpenUsageDesktopWidget.swift in Sources */ = {isa = PBXBuildFile; fileRef = 120000000000000000000001 /* OpenUsageDesktopWidget.swift */; };
		110000000000000000000002 /* DesktopWidgetSnapshot.swift in Sources */ = {isa = PBXBuildFile; fileRef = 120000000000000000000002 /* DesktopWidgetSnapshot.swift */; };
		110000000000000000000003 /* WidgetKit.framework in Frameworks */ = {isa = PBXBuildFile; fileRef = 120000000000000000000004 /* WidgetKit.framework */; };
		110000000000000000000004 /* SwiftUI.framework in Frameworks */ = {isa = PBXBuildFile; fileRef = 120000000000000000000005 /* SwiftUI.framework */; };
/* End PBXBuildFile section */

/* Begin PBXFileReference section */
		120000000000000000000001 /* OpenUsageDesktopWidget.swift */ = {isa = PBXFileReference; lastKnownFileType = sourcecode.swift; path = OpenUsageDesktopWidget.swift; sourceTree = "<group>"; };
		120000000000000000000002 /* DesktopWidgetSnapshot.swift */ = {isa = PBXFileReference; lastKnownFileType = sourcecode.swift; path = DesktopWidgetSnapshot.swift; sourceTree = "<group>"; };
		120000000000000000000003 /* OpenUsageWidgetExtension.appex */ = {isa = PBXFileReference; explicitFileType = "wrapper.app-extension"; includeInIndex = 0; path = OpenUsageWidgetExtension.appex; sourceTree = BUILT_PRODUCTS_DIR; };
		120000000000000000000004 /* WidgetKit.framework */ = {isa = PBXFileReference; lastKnownFileType = wrapper.framework; name = WidgetKit.framework; path = System/Library/Frameworks/WidgetKit.framework; sourceTree = SDKROOT; };
		120000000000000000000005 /* SwiftUI.framework */ = {isa = PBXFileReference; lastKnownFileType = wrapper.framework; name = SwiftUI.framework; path = System/Library/Frameworks/SwiftUI.framework; sourceTree = SDKROOT; };
		120000000000000000000006 /* Info.plist */ = {isa = PBXFileReference; lastKnownFileType = text.plist.xml; path = Info.plist; sourceTree = "<group>"; };
/* End PBXFileReference section */

/* Begin PBXFrameworksBuildPhase section */
		130000000000000000000001 /* Frameworks */ = {
			isa = PBXFrameworksBuildPhase;
			buildActionMask = 2147483647;
			files = (
				110000000000000000000003 /* WidgetKit.framework in Frameworks */,
				110000000000000000000004 /* SwiftUI.framework in Frameworks */,
			);
			runOnlyForDeploymentPostprocessing = 0;
		};
/* End PBXFrameworksBuildPhase section */

/* Begin PBXGroup section */
		140000000000000000000001 = {
			isa = PBXGroup;
			children = (
				140000000000000000000002 /* Widget Sources */,
				140000000000000000000003 /* Shared Sources */,
				120000000000000000000006 /* Info.plist */,
				140000000000000000000004 /* Frameworks */,
				140000000000000000000005 /* Products */,
			);
			sourceTree = "<group>";
		};
		140000000000000000000002 /* Widget Sources */ = {
			isa = PBXGroup;
			children = (
				120000000000000000000001 /* OpenUsageDesktopWidget.swift */,
			);
			name = "Widget Sources";
			path = ../Sources/OpenUsageWidgetExtension;
			sourceTree = "<group>";
		};
		140000000000000000000003 /* Shared Sources */ = {
			isa = PBXGroup;
			children = (
				120000000000000000000002 /* DesktopWidgetSnapshot.swift */,
			);
			name = "Shared Sources";
			path = ../Sources/OpenUsageWidgetSupport;
			sourceTree = "<group>";
		};
		140000000000000000000004 /* Frameworks */ = {
			isa = PBXGroup;
			children = (
				120000000000000000000005 /* SwiftUI.framework */,
				120000000000000000000004 /* WidgetKit.framework */,
			);
			name = Frameworks;
			sourceTree = "<group>";
		};
		140000000000000000000005 /* Products */ = {
			isa = PBXGroup;
			children = (
				120000000000000000000003 /* OpenUsageWidgetExtension.appex */,
			);
			name = Products;
			sourceTree = "<group>";
		};
/* End PBXGroup section */

/* Begin PBXNativeTarget section */
		150000000000000000000001 /* OpenUsageWidgetExtension */ = {
			isa = PBXNativeTarget;
			buildConfigurationList = 1A0000000000000000000001 /* Build configuration list for PBXNativeTarget "OpenUsageWidgetExtension" */;
			buildPhases = (
				190000000000000000000001 /* Sources */,
				130000000000000000000001 /* Frameworks */,
			);
			buildRules = (
			);
			dependencies = (
			);
			name = OpenUsageWidgetExtension;
			productName = OpenUsageWidgetExtension;
			productReference = 120000000000000000000003 /* OpenUsageWidgetExtension.appex */;
			productType = "com.apple.product-type.app-extension";
		};
/* End PBXNativeTarget section */

/* Begin PBXProject section */
		160000000000000000000001 /* Project object */ = {
			isa = PBXProject;
			attributes = {
				BuildIndependentTargetsInParallel = YES;
				LastSwiftUpdateCheck = 2600;
				LastUpgradeCheck = 2600;
				TargetAttributes = {
					150000000000000000000001 = {
						CreatedOnToolsVersion = 26.0;
					};
				};
			};
			buildConfigurationList = 1A0000000000000000000002 /* Build configuration list for PBXProject "OpenUsageWidgetExtension" */;
			compatibilityVersion = "Xcode 14.0";
			developmentRegion = en;
			hasScannedForEncodings = 0;
			knownRegions = (
				en,
				Base,
			);
			mainGroup = 140000000000000000000001;
			productRefGroup = 140000000000000000000005 /* Products */;
			projectDirPath = "";
			projectRoot = "";
			targets = (
				150000000000000000000001 /* OpenUsageWidgetExtension */,
			);
		};
/* End PBXProject section */

/* Begin PBXSourcesBuildPhase section */
		190000000000000000000001 /* Sources */ = {
			isa = PBXSourcesBuildPhase;
			buildActionMask = 2147483647;
			files = (
				110000000000000000000001 /* OpenUsageDesktopWidget.swift in Sources */,
				110000000000000000000002 /* DesktopWidgetSnapshot.swift in Sources */,
			);
			runOnlyForDeploymentPostprocessing = 0;
		};
/* End PBXSourcesBuildPhase section */

/* Begin XCBuildConfiguration section */
		170000000000000000000001 /* Debug */ = {
			isa = XCBuildConfiguration;
			buildSettings = {
				ALWAYS_SEARCH_USER_PATHS = NO;
				CLANG_ENABLE_MODULES = YES;
				COPY_PHASE_STRIP = NO;
				DEBUG_INFORMATION_FORMAT = dwarf;
				ENABLE_TESTABILITY = YES;
				MACOSX_DEPLOYMENT_TARGET = 15.0;
				ONLY_ACTIVE_ARCH = YES;
				PRODUCT_NAME = "$(TARGET_NAME)";
				SDKROOT = macosx;
				SWIFT_ACTIVE_COMPILATION_CONDITIONS = DEBUG;
				SWIFT_OPTIMIZATION_LEVEL = "-Onone";
				SWIFT_VERSION = 6.0;
			};
			name = Debug;
		};
		170000000000000000000002 /* Release */ = {
			isa = XCBuildConfiguration;
			buildSettings = {
				ALWAYS_SEARCH_USER_PATHS = NO;
				CLANG_ENABLE_MODULES = YES;
				COPY_PHASE_STRIP = NO;
				DEBUG_INFORMATION_FORMAT = "dwarf-with-dsym";
				ENABLE_NS_ASSERTIONS = NO;
				MACOSX_DEPLOYMENT_TARGET = 15.0;
				PRODUCT_NAME = "$(TARGET_NAME)";
				SDKROOT = macosx;
				SWIFT_COMPILATION_MODE = wholemodule;
				SWIFT_OPTIMIZATION_LEVEL = "-O";
				SWIFT_VERSION = 6.0;
			};
			name = Release;
		};
		180000000000000000000001 /* Debug */ = {
			isa = XCBuildConfiguration;
			buildSettings = {
				APPLICATION_EXTENSION_API_ONLY = YES;
				CODE_SIGNING_ALLOWED = NO;
				CODE_SIGNING_REQUIRED = NO;
				COMBINE_HIDPI_IMAGES = YES;
				CURRENT_PROJECT_VERSION = 1;
				ENABLE_APP_SANDBOX = YES;
				ENABLE_DEBUG_DYLIB = NO;
				GENERATE_INFOPLIST_FILE = NO;
				INFOPLIST_FILE = Info.plist;
				LD_RUNPATH_SEARCH_PATHS = "$(inherited) @executable_path/../Frameworks @executable_path/../../../../Frameworks";
				MACOSX_DEPLOYMENT_TARGET = 15.0;
				MARKETING_VERSION = 0.7.0;
				OPENUSAGE_WIDGET_BUNDLE_ID = com.robinebers.openusage.dev.widget;
				PRODUCT_BUNDLE_IDENTIFIER = "$(OPENUSAGE_WIDGET_BUNDLE_ID)";
				PRODUCT_NAME = OpenUsageWidgetExtension;
				SKIP_INSTALL = YES;
				SWIFT_STRICT_CONCURRENCY = complete;
				SWIFT_VERSION = 6.0;
			};
			name = Debug;
		};
		180000000000000000000002 /* Release */ = {
			isa = XCBuildConfiguration;
			buildSettings = {
				APPLICATION_EXTENSION_API_ONLY = YES;
				CODE_SIGNING_ALLOWED = NO;
				CODE_SIGNING_REQUIRED = NO;
				COMBINE_HIDPI_IMAGES = YES;
				CURRENT_PROJECT_VERSION = 1;
				ENABLE_APP_SANDBOX = YES;
				ENABLE_DEBUG_DYLIB = NO;
				GENERATE_INFOPLIST_FILE = NO;
				INFOPLIST_FILE = Info.plist;
				LD_RUNPATH_SEARCH_PATHS = "$(inherited) @executable_path/../Frameworks @executable_path/../../../../Frameworks";
				MACOSX_DEPLOYMENT_TARGET = 15.0;
				MARKETING_VERSION = 0.7.0;
				OPENUSAGE_WIDGET_BUNDLE_ID = com.robinebers.openusage.widget;
				PRODUCT_BUNDLE_IDENTIFIER = "$(OPENUSAGE_WIDGET_BUNDLE_ID)";
				PRODUCT_NAME = OpenUsageWidgetExtension;
				SKIP_INSTALL = YES;
				SWIFT_STRICT_CONCURRENCY = complete;
				SWIFT_VERSION = 6.0;
			};
			name = Release;
		};
/* End XCBuildConfiguration section */

/* Begin XCConfigurationList section */
		1A0000000000000000000001 /* Build configuration list for PBXNativeTarget "OpenUsageWidgetExtension" */ = {
			isa = XCConfigurationList;
			buildConfigurations = (
				180000000000000000000001 /* Debug */,
				180000000000000000000002 /* Release */,
			);
			defaultConfigurationIsVisible = 0;
			defaultConfigurationName = Debug;
		};
		1A0000000000000000000002 /* Build configuration list for PBXProject "OpenUsageWidgetExtension" */ = {
			isa = XCConfigurationList;
			buildConfigurations = (
				170000000000000000000001 /* Debug */,
				170000000000000000000002 /* Release */,
			);
			defaultConfigurationIsVisible = 0;
			defaultConfigurationName = Debug;
		};
/* End XCConfigurationList section */
	};
	rootObject = 160000000000000000000001 /* Project object */;
}
